
Microsoft Visual Studio Solution File, Format Version 12.00
# Visual Studio Version 16
VisualStudioVersion = 16.0.34902.97
MinimumVisualStudioVersion = 10.0.40219.1
Project("{8BC9CEB8-8B4A-11D0-8D11-00A0C91BC942}") = "MAVITP-2", "MAVITP-2.vcxproj", "{485B5347-922D-4336-B381-CFB06DD3C895}"
EndProject
Global
	GlobalSection(SolutionConfigurationPlatforms) = preSolution
		Debug|x64 = Debug|x64
		Debug|x86 = Debug|x86
		Release|x64 = Release|x64
		Release|x86 = Release|x86
	EndGlobalSection
	GlobalSection(ProjectConfigurationPlatforms) = postSolution
		{485B5347-922D-4336-B381-CFB06DD3C895}.Debug|x64.ActiveCfg = Debug|x64
		{485B5347-922D-4336-B381-CFB06DD3C895}.Debug|x64.Build.0 = Debug|x64
		{485B5347-922D-4336-B381-CFB06DD3C895}.Debug|x86.ActiveCfg = Debug|Win32
		{485B5347-922D-4336-B381-CFB06DD3C895}.Debug|x86.Build.0 = Debug|Win32
		{485B5347-922D-4336-B381-CFB06DD3C895}.Release|x64.ActiveCfg = Release|x64
		{485B5347-922D-4336-B381-CFB06DD3C895}.Release|x64.Build.0 = Release|x64
		{485B5347-922D-4336-B381-CFB06DD3C895}.Release|x86.ActiveCfg = Release|Win32
		{485B5347-922D-4336-B381-CFB06DD3C895}.Release|x86.Build.0 = Release|Win32
	EndGlobalSection
	GlobalSection(SolutionProperties) = preSolution
		HideSolutionNode = FALSE
	EndGlobalSection
	GlobalSection(ExtensibilityGlobals) = postSolution
		SolutionGuid = {4360721B-2A97-43EF-A16F-694553AB20BE}
	EndGlobalSection
EndGlobal
