
Microsoft Visual Studio Solution File, Format Version 12.00
# Visual Studio Version 16
VisualStudioVersion = 16.0.34902.97
MinimumVisualStudioVersion = 10.0.40219.1
Project("{8BC9CEB8-8B4A-11D0-8D11-00A0C91BC942}") = "MAVITP-7", "MAVITP-7.vcxproj", "{DB3FD664-9465-4E6D-85F2-B7B78BE618D7}"
EndProject
Global
	GlobalSection(SolutionConfigurationPlatforms) = preSolution
		Debug|x64 = Debug|x64
		Debug|x86 = Debug|x86
		Release|x64 = Release|x64
		Release|x86 = Release|x86
	EndGlobalSection
	GlobalSection(ProjectConfigurationPlatforms) = postSolution
		{DB3FD664-9465-4E6D-85F2-B7B78BE618D7}.Debug|x64.ActiveCfg = Debug|x64
		{DB3FD664-9465-4E6D-85F2-B7B78BE618D7}.Debug|x64.Build.0 = Debug|x64
		{DB3FD664-9465-4E6D-85F2-B7B78BE618D7}.Debug|x86.ActiveCfg = Debug|Win32
		{DB3FD664-9465-4E6D-85F2-B7B78BE618D7}.Debug|x86.Build.0 = Debug|Win32
		{DB3FD664-9465-4E6D-85F2-B7B78BE618D7}.Release|x64.ActiveCfg = Release|x64
		{DB3FD664-9465-4E6D-85F2-B7B78BE618D7}.Release|x64.Build.0 = Release|x64
		{DB3FD664-9465-4E6D-85F2-B7B78BE618D7}.Release|x86.ActiveCfg = Release|Win32
		{DB3FD664-9465-4E6D-85F2-B7B78BE618D7}.Release|x86.Build.0 = Release|Win32
	EndGlobalSection
	GlobalSection(SolutionProperties) = preSolution
		HideSolutionNode = FALSE
	EndGlobalSection
	GlobalSection(ExtensibilityGlobals) = postSolution
		SolutionGuid = {1F4DC587-D61F-43F3-A815-33A3CA16D56D}
	EndGlobalSection
EndGlobal
